{
  "originHash" : "43ba331ee5e800c2f426a07b5f77b114630f0c742c6f58a08011884bd2c02d22",
  "pins" : [
    {
      "identity" : "glyph",
      "kind" : "remoteSourceControl",
      "location" : "https://github.com/ChimeHQ/Glyph",
      "state" : {
        "branch" : "main",
        "revision" : "1ad045842d04479c93a3eea3742ab79943313b79"
      }
    },
    {
      "identity" : "ibeam",
      "kind" : "remoteSourceControl",
      "location" : "https://github.com/ChimeHQ/IBeam",
      "state" : {
        "revision" : "53e0ea98ce3fa299ebbd76bd7b17c561908c763c"
      }
    },
    {
      "identity" : "keycodes",
      "kind" : "remoteSourceControl",
      "location" : "https://github.com/ChimeHQ/KeyCodes",
      "state" : {
        "revision" : "93ba759d2bfd7b5233294188bc685fd09dce2729",
        "version" : "1.0.3"
      }
    },
    {
      "identity" : "ligature",
      "kind" : "remoteSourceControl",
      "location" : "https://github.com/ChimeHQ/Ligature",
      "state" : {
        "branch" : "main",
        "revision" : "324ca471b3d0a949eb8cb1107a6e89bc311651c7"
      }
    },
    {
      "identity" : "textbook",
      "kind" : "remoteSourceControl",
      "location" : "https://github.com/ChimeHQ/Textbook",
      "state" : {
        "revision" : "a70d9cd0b7da1878e1db448283b431834fd00376"
      }
    }
  ],
  "version" : 3
}
