{
  "originHash" : "d4e85584f0e60c77ba3bbae935c52abb5acbf3a14814d51e237c5a305e729b46",
  "pins" : [
    {
      "identity" : "glyph",
      "kind" : "remoteSourceControl",
      "location" : "https://github.com/ChimeHQ/Glyph",
      "state" : {
        "branch" : "main",
        "revision" : "639ec587d8cfd14eacacf7cf1b649e096db2b137"
      }
    },
    {
      "identity" : "ibeam",
      "kind" : "remoteSourceControl",
      "location" : "https://github.com/ChimeHQ/IBeam",
      "state" : {
        "branch" : "main",
        "revision" : "349ae9079a914eea36fb9d856bd2c0ba6c07adfd"
      }
    },
    {
      "identity" : "keycodes",
      "kind" : "remoteSourceControl",
      "location" : "https://github.com/ChimeHQ/KeyCodes",
      "state" : {
        "revision" : "93ba759d2bfd7b5233294188bc685fd09dce2729",
        "version" : "1.0.3"
      }
    },
    {
      "identity" : "ligature",
      "kind" : "remoteSourceControl",
      "location" : "https://github.com/ChimeHQ/Ligature",
      "state" : {
        "branch" : "main",
        "revision" : "c9407984c5e9185098cfef6b2bc8dd03a4bbd5bb"
      }
    },
    {
      "identity" : "rearrange",
      "kind" : "remoteSourceControl",
      "location" : "https://github.com/ChimeHQ/Rearrange",
      "state" : {
        "branch" : "main",
        "revision" : "e22fe9dae6166dce2de45b7bb94b481f78affd3e"
      }
    },
    {
      "identity" : "textbook",
      "kind" : "remoteSourceControl",
      "location" : "https://github.com/ChimeHQ/Textbook",
      "state" : {
        "branch" : "main",
        "revision" : "bee65ad3b2bf4ccbb54e254ad00bfbe03156a456"
      }
    },
    {
      "identity" : "textformation",
      "kind" : "remoteSourceControl",
      "location" : "https://github.com/ChimeHQ/TextFormation",
      "state" : {
        "branch" : "main",
        "revision" : "2dda10f8c206e23714900c0279f6020c3ebbd576"
      }
    }
  ],
  "version" : 3
}
